PODS:
  - amazon_payfort (1.1.4):
    - Flutter
    - PayFortSDK
  - Flutter (1.0.0)
  - network_info_plus (0.0.1):
    - Flutter
  - PayFortSDK (3.2.1)

DEPENDENCIES:
  - amazon_payfort (from `.symlinks/plugins/amazon_payfort/ios`)
  - Flutter (from `Flutter`)
  - network_info_plus (from `.symlinks/plugins/network_info_plus/ios`)

SPEC REPOS:
  trunk:
    - PayFortSDK

EXTERNAL SOURCES:
  amazon_payfort:
    :path: ".symlinks/plugins/amazon_payfort/ios"
  Flutter:
    :path: Flutter
  network_info_plus:
    :path: ".symlinks/plugins/network_info_plus/ios"

SPEC CHECKSUMS:
  amazon_payfort: 4ad7a3413acc1c4c4022117a80d18fee23c572d3
  Flutter: e0871f40cf51350855a761d2e70bf5af5b9b5de7
  network_info_plus: b6c3b27559bf719cc53ef571a947b3ac4629754c
  PayFortSDK: 233eabe9a45601fdbeac67fa6e5aae46ed8faf82

PODFILE CHECKSUM: 0940a686eb3f7747ff575b8c89d61b33faac475a

COCOAPODS: 1.16.2
